
Microsoft Visual Studio Solution File, Format Version 12.00
# Visual Studio 15
VisualStudioVersion = 15.0.28010.2036
MinimumVisualStudioVersion = 10.0.40219.1
Project("{FAE04EC0-301F-11D3-BF4B-00C04F79EFBC}") = "MyOrgViewer", "MyOrgViewer\MyOrgViewer.csproj", "{13F96487-B765-4B50-9B2F-566B0F6C5C6F}"
EndProject
Project("{FAE04EC0-301F-11D3-BF4B-00C04F79EFBC}") = "DataAccessLayer", "DataAccessLayer\DataAccessLayer.csproj", "{90868FC6-DE00-4720-AE60-15C21AE887F4}"
EndProject
Project("{FAE04EC0-301F-11D3-BF4B-00C04F79EFBC}") = "BusinessLayer", "BusinessLayer\BusinessLayer.csproj", "{A2CD9AA7-FE29-494E-865A-A8E3C825DD07}"
EndProject
Global
	GlobalSection(SolutionConfigurationPlatforms) = preSolution
		Debug|Any CPU = Debug|Any CPU
		Release|Any CPU = Release|Any CPU
	EndGlobalSection
	GlobalSection(ProjectConfigurationPlatforms) = postSolution
		{13F96487-B765-4B50-9B2F-566B0F6C5C6F}.Debug|Any CPU.ActiveCfg = Debug|Any CPU
		{13F96487-B765-4B50-9B2F-566B0F6C5C6F}.Debug|Any CPU.Build.0 = Debug|Any CPU
		{13F96487-B765-4B50-9B2F-566B0F6C5C6F}.Release|Any CPU.ActiveCfg = Release|Any CPU
		{13F96487-B765-4B50-9B2F-566B0F6C5C6F}.Release|Any CPU.Build.0 = Release|Any CPU
		{90868FC6-DE00-4720-AE60-15C21AE887F4}.Debug|Any CPU.ActiveCfg = Debug|Any CPU
		{90868FC6-DE00-4720-AE60-15C21AE887F4}.Debug|Any CPU.Build.0 = Debug|Any CPU
		{90868FC6-DE00-4720-AE60-15C21AE887F4}.Release|Any CPU.ActiveCfg = Release|Any CPU
		{90868FC6-DE00-4720-AE60-15C21AE887F4}.Release|Any CPU.Build.0 = Release|Any CPU
		{A2CD9AA7-FE29-494E-865A-A8E3C825DD07}.Debug|Any CPU.ActiveCfg = Debug|Any CPU
		{A2CD9AA7-FE29-494E-865A-A8E3C825DD07}.Debug|Any CPU.Build.0 = Debug|Any CPU
		{A2CD9AA7-FE29-494E-865A-A8E3C825DD07}.Release|Any CPU.ActiveCfg = Release|Any CPU
		{A2CD9AA7-FE29-494E-865A-A8E3C825DD07}.Release|Any CPU.Build.0 = Release|Any CPU
	EndGlobalSection
	GlobalSection(SolutionProperties) = preSolution
		HideSolutionNode = FALSE
	EndGlobalSection
	GlobalSection(ExtensibilityGlobals) = postSolution
		SolutionGuid = {1296C8A8-526D-4D7C-ABB0-521AA93968BD}
	EndGlobalSection
EndGlobal
